
Microsoft Visual Studio Solution File, Format Version 12.00
# Visual Studio Version 17
VisualStudioVersion = 17.0.31903.59
MinimumVisualStudioVersion = 10.0.40219.1
Project("{FAE04EC0-301F-11D3-BF4B-00C04F79EFBC}") = "DiccionariosApi", "DiccionariosApi\DiccionariosApi.csproj", "{2F4E0E37-EC5D-4946-A1F7-A49BDE3E52C4}"
EndProject
Project("{FAE04EC0-301F-11D3-BF4B-00C04F79EFBC}") = "DiccionariosFicheros", "DiccionariosFicheros\DiccionariosFicheros.csproj", "{017DD23E-1C0F-4D51-ABBD-6141859DB88F}"
EndProject
Project("{FAE04EC0-301F-11D3-BF4B-00C04F79EFBC}") = "DiccionariosFicheros.Tests", "DiccionariosFicheros.Tests\DiccionariosFicheros.Tests.csproj", "{E3059DD9-A234-4E06-AC60-7AD70DA5DA15}"
EndProject
Project("{FAE04EC0-301F-11D3-BF4B-00C04F79EFBC}") = "DiccionariosAppConsola", "DiccionariosAppConsola\DiccionariosAppConsola.csproj", "{005A398D-F5D7-4A4F-ADDE-B58BBEF79B01}"
EndProject
Project("{FAE04EC0-301F-11D3-BF4B-00C04F79EFBC}") = "DiccionariosAppConsolaConDI", "DiccionariosAppConsolaConDI\DiccionariosAppConsolaConDI.csproj", "{27A808FA-E1EC-4269-8BC7-E16690D11EDE}"
EndProject
Project("{FAE04EC0-301F-11D3-BF4B-00C04F79EFBC}") = "UIAplicacionDeDiccionariosApi", "UIAplicacionDeDiccionariosApi\UIAplicacionDeDiccionariosApi.csproj", "{A1CBED51-F772-4AB9-8670-72D1087274EE}"
EndProject
Project("{FAE04EC0-301F-11D3-BF4B-00C04F79EFBC}") = "UIAplicacionDeDiccionariosConsola", "UIAplicacionDeDiccionariosConsola\UIAplicacionDeDiccionariosConsola.csproj", "{47844F79-9557-47C7-9820-A314033A4034}"
EndProject
Project("{FAE04EC0-301F-11D3-BF4B-00C04F79EFBC}") = "DiccionariosAppHost", "DiccionariosAppHost\DiccionariosAppHost.csproj", "{A438DE08-C38B-435B-8568-BFF663EE892D}"
EndProject
Project("{FAE04EC0-301F-11D3-BF4B-00C04F79EFBC}") = "DiccionariosBBDD.Tests", "DiccionariosBBDD.Tests\DiccionariosBBDD.Tests.csproj", "{6F4CD07A-E4BB-439C-98AD-1D33DE8C233B}"
EndProject
Project("{FAE04EC0-301F-11D3-BF4B-00C04F79EFBC}") = "DiccionariosBBDD", "DiccionariosBBDD\DiccionariosBBDD.csproj", "{A53A756B-0585-4D3B-B779-F846DCA2D2D9}"
EndProject
Global
	GlobalSection(SolutionConfigurationPlatforms) = preSolution
		Debug|Any CPU = Debug|Any CPU
		Debug|x64 = Debug|x64
		Debug|x86 = Debug|x86
		Release|Any CPU = Release|Any CPU
		Release|x64 = Release|x64
		Release|x86 = Release|x86
	EndGlobalSection
	GlobalSection(ProjectConfigurationPlatforms) = postSolution
		{2F4E0E37-EC5D-4946-A1F7-A49BDE3E52C4}.Debug|Any CPU.ActiveCfg = Debug|Any CPU
		{2F4E0E37-EC5D-4946-A1F7-A49BDE3E52C4}.Debug|Any CPU.Build.0 = Debug|Any CPU
		{2F4E0E37-EC5D-4946-A1F7-A49BDE3E52C4}.Debug|x64.ActiveCfg = Debug|Any CPU
		{2F4E0E37-EC5D-4946-A1F7-A49BDE3E52C4}.Debug|x64.Build.0 = Debug|Any CPU
		{2F4E0E37-EC5D-4946-A1F7-A49BDE3E52C4}.Debug|x86.ActiveCfg = Debug|Any CPU
		{2F4E0E37-EC5D-4946-A1F7-A49BDE3E52C4}.Debug|x86.Build.0 = Debug|Any CPU
		{2F4E0E37-EC5D-4946-A1F7-A49BDE3E52C4}.Release|Any CPU.ActiveCfg = Release|Any CPU
		{2F4E0E37-EC5D-4946-A1F7-A49BDE3E52C4}.Release|Any CPU.Build.0 = Release|Any CPU
		{2F4E0E37-EC5D-4946-A1F7-A49BDE3E52C4}.Release|x64.ActiveCfg = Release|Any CPU
		{2F4E0E37-EC5D-4946-A1F7-A49BDE3E52C4}.Release|x64.Build.0 = Release|Any CPU
		{2F4E0E37-EC5D-4946-A1F7-A49BDE3E52C4}.Release|x86.ActiveCfg = Release|Any CPU
		{2F4E0E37-EC5D-4946-A1F7-A49BDE3E52C4}.Release|x86.Build.0 = Release|Any CPU
		{017DD23E-1C0F-4D51-ABBD-6141859DB88F}.Debug|Any CPU.ActiveCfg = Debug|Any CPU
		{017DD23E-1C0F-4D51-ABBD-6141859DB88F}.Debug|Any CPU.Build.0 = Debug|Any CPU
		{017DD23E-1C0F-4D51-ABBD-6141859DB88F}.Debug|x64.ActiveCfg = Debug|Any CPU
		{017DD23E-1C0F-4D51-ABBD-6141859DB88F}.Debug|x64.Build.0 = Debug|Any CPU
		{017DD23E-1C0F-4D51-ABBD-6141859DB88F}.Debug|x86.ActiveCfg = Debug|Any CPU
		{017DD23E-1C0F-4D51-ABBD-6141859DB88F}.Debug|x86.Build.0 = Debug|Any CPU
		{017DD23E-1C0F-4D51-ABBD-6141859DB88F}.Release|Any CPU.ActiveCfg = Release|Any CPU
		{017DD23E-1C0F-4D51-ABBD-6141859DB88F}.Release|Any CPU.Build.0 = Release|Any CPU
		{017DD23E-1C0F-4D51-ABBD-6141859DB88F}.Release|x64.ActiveCfg = Release|Any CPU
		{017DD23E-1C0F-4D51-ABBD-6141859DB88F}.Release|x64.Build.0 = Release|Any CPU
		{017DD23E-1C0F-4D51-ABBD-6141859DB88F}.Release|x86.ActiveCfg = Release|Any CPU
		{017DD23E-1C0F-4D51-ABBD-6141859DB88F}.Release|x86.Build.0 = Release|Any CPU
		{E3059DD9-A234-4E06-AC60-7AD70DA5DA15}.Debug|Any CPU.ActiveCfg = Debug|Any CPU
		{E3059DD9-A234-4E06-AC60-7AD70DA5DA15}.Debug|Any CPU.Build.0 = Debug|Any CPU
		{E3059DD9-A234-4E06-AC60-7AD70DA5DA15}.Debug|x64.ActiveCfg = Debug|Any CPU
		{E3059DD9-A234-4E06-AC60-7AD70DA5DA15}.Debug|x64.Build.0 = Debug|Any CPU
		{E3059DD9-A234-4E06-AC60-7AD70DA5DA15}.Debug|x86.ActiveCfg = Debug|Any CPU
		{E3059DD9-A234-4E06-AC60-7AD70DA5DA15}.Debug|x86.Build.0 = Debug|Any CPU
		{E3059DD9-A234-4E06-AC60-7AD70DA5DA15}.Release|Any CPU.ActiveCfg = Release|Any CPU
		{E3059DD9-A234-4E06-AC60-7AD70DA5DA15}.Release|Any CPU.Build.0 = Release|Any CPU
		{E3059DD9-A234-4E06-AC60-7AD70DA5DA15}.Release|x64.ActiveCfg = Release|Any CPU
		{E3059DD9-A234-4E06-AC60-7AD70DA5DA15}.Release|x64.Build.0 = Release|Any CPU
		{E3059DD9-A234-4E06-AC60-7AD70DA5DA15}.Release|x86.ActiveCfg = Release|Any CPU
		{E3059DD9-A234-4E06-AC60-7AD70DA5DA15}.Release|x86.Build.0 = Release|Any CPU
		{005A398D-F5D7-4A4F-ADDE-B58BBEF79B01}.Debug|Any CPU.ActiveCfg = Debug|Any CPU
		{005A398D-F5D7-4A4F-ADDE-B58BBEF79B01}.Debug|Any CPU.Build.0 = Debug|Any CPU
		{005A398D-F5D7-4A4F-ADDE-B58BBEF79B01}.Debug|x64.ActiveCfg = Debug|Any CPU
		{005A398D-F5D7-4A4F-ADDE-B58BBEF79B01}.Debug|x64.Build.0 = Debug|Any CPU
		{005A398D-F5D7-4A4F-ADDE-B58BBEF79B01}.Debug|x86.ActiveCfg = Debug|Any CPU
		{005A398D-F5D7-4A4F-ADDE-B58BBEF79B01}.Debug|x86.Build.0 = Debug|Any CPU
		{005A398D-F5D7-4A4F-ADDE-B58BBEF79B01}.Release|Any CPU.ActiveCfg = Release|Any CPU
		{005A398D-F5D7-4A4F-ADDE-B58BBEF79B01}.Release|Any CPU.Build.0 = Release|Any CPU
		{005A398D-F5D7-4A4F-ADDE-B58BBEF79B01}.Release|x64.ActiveCfg = Release|Any CPU
		{005A398D-F5D7-4A4F-ADDE-B58BBEF79B01}.Release|x64.Build.0 = Release|Any CPU
		{005A398D-F5D7-4A4F-ADDE-B58BBEF79B01}.Release|x86.ActiveCfg = Release|Any CPU
		{005A398D-F5D7-4A4F-ADDE-B58BBEF79B01}.Release|x86.Build.0 = Release|Any CPU
		{27A808FA-E1EC-4269-8BC7-E16690D11EDE}.Debug|Any CPU.ActiveCfg = Debug|Any CPU
		{27A808FA-E1EC-4269-8BC7-E16690D11EDE}.Debug|Any CPU.Build.0 = Debug|Any CPU
		{27A808FA-E1EC-4269-8BC7-E16690D11EDE}.Debug|x64.ActiveCfg = Debug|Any CPU
		{27A808FA-E1EC-4269-8BC7-E16690D11EDE}.Debug|x64.Build.0 = Debug|Any CPU
		{27A808FA-E1EC-4269-8BC7-E16690D11EDE}.Debug|x86.ActiveCfg = Debug|Any CPU
		{27A808FA-E1EC-4269-8BC7-E16690D11EDE}.Debug|x86.Build.0 = Debug|Any CPU
		{27A808FA-E1EC-4269-8BC7-E16690D11EDE}.Release|Any CPU.ActiveCfg = Release|Any CPU
		{27A808FA-E1EC-4269-8BC7-E16690D11EDE}.Release|Any CPU.Build.0 = Release|Any CPU
		{27A808FA-E1EC-4269-8BC7-E16690D11EDE}.Release|x64.ActiveCfg = Release|Any CPU
		{27A808FA-E1EC-4269-8BC7-E16690D11EDE}.Release|x64.Build.0 = Release|Any CPU
		{27A808FA-E1EC-4269-8BC7-E16690D11EDE}.Release|x86.ActiveCfg = Release|Any CPU
		{27A808FA-E1EC-4269-8BC7-E16690D11EDE}.Release|x86.Build.0 = Release|Any CPU
		{A1CBED51-F772-4AB9-8670-72D1087274EE}.Debug|Any CPU.ActiveCfg = Debug|Any CPU
		{A1CBED51-F772-4AB9-8670-72D1087274EE}.Debug|Any CPU.Build.0 = Debug|Any CPU
		{A1CBED51-F772-4AB9-8670-72D1087274EE}.Debug|x64.ActiveCfg = Debug|Any CPU
		{A1CBED51-F772-4AB9-8670-72D1087274EE}.Debug|x64.Build.0 = Debug|Any CPU
		{A1CBED51-F772-4AB9-8670-72D1087274EE}.Debug|x86.ActiveCfg = Debug|Any CPU
		{A1CBED51-F772-4AB9-8670-72D1087274EE}.Debug|x86.Build.0 = Debug|Any CPU
		{A1CBED51-F772-4AB9-8670-72D1087274EE}.Release|Any CPU.ActiveCfg = Release|Any CPU
		{A1CBED51-F772-4AB9-8670-72D1087274EE}.Release|Any CPU.Build.0 = Release|Any CPU
		{A1CBED51-F772-4AB9-8670-72D1087274EE}.Release|x64.ActiveCfg = Release|Any CPU
		{A1CBED51-F772-4AB9-8670-72D1087274EE}.Release|x64.Build.0 = Release|Any CPU
		{A1CBED51-F772-4AB9-8670-72D1087274EE}.Release|x86.ActiveCfg = Release|Any CPU
		{A1CBED51-F772-4AB9-8670-72D1087274EE}.Release|x86.Build.0 = Release|Any CPU
		{47844F79-9557-47C7-9820-A314033A4034}.Debug|Any CPU.ActiveCfg = Debug|Any CPU
		{47844F79-9557-47C7-9820-A314033A4034}.Debug|Any CPU.Build.0 = Debug|Any CPU
		{47844F79-9557-47C7-9820-A314033A4034}.Debug|x64.ActiveCfg = Debug|Any CPU
		{47844F79-9557-47C7-9820-A314033A4034}.Debug|x64.Build.0 = Debug|Any CPU
		{47844F79-9557-47C7-9820-A314033A4034}.Debug|x86.ActiveCfg = Debug|Any CPU
		{47844F79-9557-47C7-9820-A314033A4034}.Debug|x86.Build.0 = Debug|Any CPU
		{47844F79-9557-47C7-9820-A314033A4034}.Release|Any CPU.ActiveCfg = Release|Any CPU
		{47844F79-9557-47C7-9820-A314033A4034}.Release|Any CPU.Build.0 = Release|Any CPU
		{47844F79-9557-47C7-9820-A314033A4034}.Release|x64.ActiveCfg = Release|Any CPU
		{47844F79-9557-47C7-9820-A314033A4034}.Release|x64.Build.0 = Release|Any CPU
		{47844F79-9557-47C7-9820-A314033A4034}.Release|x86.ActiveCfg = Release|Any CPU
		{47844F79-9557-47C7-9820-A314033A4034}.Release|x86.Build.0 = Release|Any CPU
		{A438DE08-C38B-435B-8568-BFF663EE892D}.Debug|Any CPU.ActiveCfg = Debug|Any CPU
		{A438DE08-C38B-435B-8568-BFF663EE892D}.Debug|Any CPU.Build.0 = Debug|Any CPU
		{A438DE08-C38B-435B-8568-BFF663EE892D}.Debug|x64.ActiveCfg = Debug|Any CPU
		{A438DE08-C38B-435B-8568-BFF663EE892D}.Debug|x64.Build.0 = Debug|Any CPU
		{A438DE08-C38B-435B-8568-BFF663EE892D}.Debug|x86.ActiveCfg = Debug|Any CPU
		{A438DE08-C38B-435B-8568-BFF663EE892D}.Debug|x86.Build.0 = Debug|Any CPU
		{A438DE08-C38B-435B-8568-BFF663EE892D}.Release|Any CPU.ActiveCfg = Release|Any CPU
		{A438DE08-C38B-435B-8568-BFF663EE892D}.Release|Any CPU.Build.0 = Release|Any CPU
		{A438DE08-C38B-435B-8568-BFF663EE892D}.Release|x64.ActiveCfg = Release|Any CPU
		{A438DE08-C38B-435B-8568-BFF663EE892D}.Release|x64.Build.0 = Release|Any CPU
		{A438DE08-C38B-435B-8568-BFF663EE892D}.Release|x86.ActiveCfg = Release|Any CPU
		{A438DE08-C38B-435B-8568-BFF663EE892D}.Release|x86.Build.0 = Release|Any CPU
		{6F4CD07A-E4BB-439C-98AD-1D33DE8C233B}.Debug|Any CPU.ActiveCfg = Debug|Any CPU
		{6F4CD07A-E4BB-439C-98AD-1D33DE8C233B}.Debug|Any CPU.Build.0 = Debug|Any CPU
		{6F4CD07A-E4BB-439C-98AD-1D33DE8C233B}.Debug|x64.ActiveCfg = Debug|Any CPU
		{6F4CD07A-E4BB-439C-98AD-1D33DE8C233B}.Debug|x64.Build.0 = Debug|Any CPU
		{6F4CD07A-E4BB-439C-98AD-1D33DE8C233B}.Debug|x86.ActiveCfg = Debug|Any CPU
		{6F4CD07A-E4BB-439C-98AD-1D33DE8C233B}.Debug|x86.Build.0 = Debug|Any CPU
		{6F4CD07A-E4BB-439C-98AD-1D33DE8C233B}.Release|Any CPU.ActiveCfg = Release|Any CPU
		{6F4CD07A-E4BB-439C-98AD-1D33DE8C233B}.Release|Any CPU.Build.0 = Release|Any CPU
		{6F4CD07A-E4BB-439C-98AD-1D33DE8C233B}.Release|x64.ActiveCfg = Release|Any CPU
		{6F4CD07A-E4BB-439C-98AD-1D33DE8C233B}.Release|x64.Build.0 = Release|Any CPU
		{6F4CD07A-E4BB-439C-98AD-1D33DE8C233B}.Release|x86.ActiveCfg = Release|Any CPU
		{6F4CD07A-E4BB-439C-98AD-1D33DE8C233B}.Release|x86.Build.0 = Release|Any CPU
		{A53A756B-0585-4D3B-B779-F846DCA2D2D9}.Debug|Any CPU.ActiveCfg = Debug|Any CPU
		{A53A756B-0585-4D3B-B779-F846DCA2D2D9}.Debug|Any CPU.Build.0 = Debug|Any CPU
		{A53A756B-0585-4D3B-B779-F846DCA2D2D9}.Debug|x64.ActiveCfg = Debug|Any CPU
		{A53A756B-0585-4D3B-B779-F846DCA2D2D9}.Debug|x64.Build.0 = Debug|Any CPU
		{A53A756B-0585-4D3B-B779-F846DCA2D2D9}.Debug|x86.ActiveCfg = Debug|Any CPU
		{A53A756B-0585-4D3B-B779-F846DCA2D2D9}.Debug|x86.Build.0 = Debug|Any CPU
		{A53A756B-0585-4D3B-B779-F846DCA2D2D9}.Release|Any CPU.ActiveCfg = Release|Any CPU
		{A53A756B-0585-4D3B-B779-F846DCA2D2D9}.Release|Any CPU.Build.0 = Release|Any CPU
		{A53A756B-0585-4D3B-B779-F846DCA2D2D9}.Release|x64.ActiveCfg = Release|Any CPU
		{A53A756B-0585-4D3B-B779-F846DCA2D2D9}.Release|x64.Build.0 = Release|Any CPU
		{A53A756B-0585-4D3B-B779-F846DCA2D2D9}.Release|x86.ActiveCfg = Release|Any CPU
		{A53A756B-0585-4D3B-B779-F846DCA2D2D9}.Release|x86.Build.0 = Release|Any CPU
	EndGlobalSection
	GlobalSection(SolutionProperties) = preSolution
		HideSolutionNode = FALSE
	EndGlobalSection
EndGlobal
